
Microsoft Visual Studio Solution File, Format Version 12.00
# Visual Studio 15
VisualStudioVersion = 15.0.28307.757
MinimumVisualStudioVersion = 10.0.40219.1
Project("{FAE04EC0-301F-11D3-BF4B-00C04F79EFBC}") = "0601A2Felderrechnen", "0601A2Felderrechnen\0601A2Felderrechnen.csproj", "{F6950162-732F-4882-A24F-867D78A91167}"
EndProject
Global
	GlobalSection(SolutionConfigurationPlatforms) = preSolution
		Debug|Any CPU = Debug|Any CPU
		Release|Any CPU = Release|Any CPU
	EndGlobalSection
	GlobalSection(ProjectConfigurationPlatforms) = postSolution
		{F6950162-732F-4882-A24F-867D78A91167}.Debug|Any CPU.ActiveCfg = Debug|Any CPU
		{F6950162-732F-4882-A24F-867D78A91167}.Debug|Any CPU.Build.0 = Debug|Any CPU
		{F6950162-732F-4882-A24F-867D78A91167}.Release|Any CPU.ActiveCfg = Release|Any CPU
		{F6950162-732F-4882-A24F-867D78A91167}.Release|Any CPU.Build.0 = Release|Any CPU
	EndGlobalSection
	GlobalSection(SolutionProperties) = preSolution
		HideSolutionNode = FALSE
	EndGlobalSection
	GlobalSection(ExtensibilityGlobals) = postSolution
		SolutionGuid = {AE88F4A9-04C2-4172-8C03-2546BCB959DE}
	EndGlobalSection
EndGlobal
